
Microsoft Visual Studio Solution File, Format Version 12.00
# Visual Studio Version 16
VisualStudioVersion = 16.0.31410.357
MinimumVisualStudioVersion = 10.0.40219.1
Project("{888888A0-9F3D-457C-B088-3A5042F75D52}") = "CribsClimateCost", "CribsClimateCost\CribsClimateCost.pyproj", "{DC32EE46-34F6-49A5-B735-BEED2C03B768}"
EndProject
Global
	GlobalSection(SolutionConfigurationPlatforms) = preSolution
		Debug|Any CPU = Debug|Any CPU
		Release|Any CPU = Release|Any CPU
	EndGlobalSection
	GlobalSection(ProjectConfigurationPlatforms) = postSolution
		{DC32EE46-34F6-49A5-B735-BEED2C03B768}.Debug|Any CPU.ActiveCfg = Debug|Any CPU
		{DC32EE46-34F6-49A5-B735-BEED2C03B768}.Release|Any CPU.ActiveCfg = Release|Any CPU
	EndGlobalSection
	GlobalSection(SolutionProperties) = preSolution
		HideSolutionNode = FALSE
	EndGlobalSection
	GlobalSection(ExtensibilityGlobals) = postSolution
		SolutionGuid = {F541C42F-90D8-438C-991B-5DF2A91E7B3D}
	EndGlobalSection
EndGlobal
